
Microsoft Visual Studio Solution File, Format Version 12.00
# Visual Studio 15
VisualStudioVersion = 15.0.27130.2020
MinimumVisualStudioVersion = 10.0.40219.1
Project("{9092AA53-FB77-4645-B42D-1CCCA6BD08BD}") = "tyepscriptbank", "tyepscriptbank\tyepscriptbank.njsproj", "{0E4E3EA6-D910-421E-BFF9-60D81A477783}"
EndProject
Global
	GlobalSection(SolutionConfigurationPlatforms) = preSolution
		Debug|Any CPU = Debug|Any CPU
		Release|Any CPU = Release|Any CPU
	EndGlobalSection
	GlobalSection(ProjectConfigurationPlatforms) = postSolution
		{0E4E3EA6-D910-421E-BFF9-60D81A477783}.Debug|Any CPU.ActiveCfg = Debug|Any CPU
		{0E4E3EA6-D910-421E-BFF9-60D81A477783}.Debug|Any CPU.Build.0 = Debug|Any CPU
		{0E4E3EA6-D910-421E-BFF9-60D81A477783}.Release|Any CPU.ActiveCfg = Release|Any CPU
		{0E4E3EA6-D910-421E-BFF9-60D81A477783}.Release|Any CPU.Build.0 = Release|Any CPU
	EndGlobalSection
	GlobalSection(SolutionProperties) = preSolution
		HideSolutionNode = FALSE
	EndGlobalSection
	GlobalSection(ExtensibilityGlobals) = postSolution
		SolutionGuid = {FE7B53EE-BE5B-495D-9C70-8B46607DD4E3}
	EndGlobalSection
EndGlobal
