{
  "name": "tyepscriptbank",
  "version": "0.0.0",
  "lockfileVersion": 1,
  "requires": true,
  "dependencies": {
    "@types/node": {
      "version": "6.0.101",
      "resolved": "https://registry.npmjs.org/@types/node/-/node-6.0.101.tgz",
      "integrity": "sha512-IQ7V3D6+kK1DArTqTBrnl3M+YgJZLw8ta8w3Q9xjR79HaJzMAoTbZ8TNzUTztrkCKPTqIstE2exdbs1FzsYLUw==",
      "dev": true
    }
  }
}
